
Microsoft Visual Studio Solution File, Format Version 12.00
# Visual Studio 15
VisualStudioVersion = 15.0.27703.2026
MinimumVisualStudioVersion = 10.0.40219.1
Project("{FAE04EC0-301F-11D3-BF4B-00C04F79EFBC}") = "TicTacToe", "TicTacToe\TicTacToe.csproj", "{05796DBF-A90A-4B9F-82C9-40DCF0B0D85E}"
EndProject
Global
	GlobalSection(SolutionConfigurationPlatforms) = preSolution
		Debug|Any CPU = Debug|Any CPU
		Release|Any CPU = Release|Any CPU
	EndGlobalSection
	GlobalSection(ProjectConfigurationPlatforms) = postSolution
		{05796DBF-A90A-4B9F-82C9-40DCF0B0D85E}.Debug|Any CPU.ActiveCfg = Debug|Any CPU
		{05796DBF-A90A-4B9F-82C9-40DCF0B0D85E}.Debug|Any CPU.Build.0 = Debug|Any CPU
		{05796DBF-A90A-4B9F-82C9-40DCF0B0D85E}.Release|Any CPU.ActiveCfg = Release|Any CPU
		{05796DBF-A90A-4B9F-82C9-40DCF0B0D85E}.Release|Any CPU.Build.0 = Release|Any CPU
	EndGlobalSection
	GlobalSection(SolutionProperties) = preSolution
		HideSolutionNode = FALSE
	EndGlobalSection
	GlobalSection(ExtensibilityGlobals) = postSolution
		SolutionGuid = {4DCA4FA5-0529-4D78-BE9C-83FB95076CC2}
	EndGlobalSection
EndGlobal
